// !$*UTF8*$!
{
	archiveVersion = 1;
	classes = {
	};
	objectVersion = 50;
	objects = {

/* Begin PBXBuildFile section */
		D5B17C93249082910032EB70 /* AppDelegate.swift in Sources */ = {isa = PBXBuildFile; fileRef = D5B17C92249082910032EB70 /* AppDelegate.swift */; };
		D5B17C95249082910032EB70 /* SceneDelegate.swift in Sources */ = {isa = PBXBuildFile; fileRef = D5B17C94249082910032EB70 /* SceneDelegate.swift */; };
		D5B17C97249082910032EB70 /* ViewController.swift in Sources */ = {isa = PBXBuildFile; fileRef = D5B17C96249082910032EB70 /* ViewController.swift */; };
		D5B17C9A249082910032EB70 /* Main.storyboard in Resources */ = {isa = PBXBuildFile; fileRef = D5B17C98249082910032EB70 /* Main.storyboard */; };
		D5B17C9C249082960032EB70 /* Assets.xcassets in Resources */ = {isa = PBXBuildFile; fileRef = D5B17C9B249082960032EB70 /* Assets.xcassets */; };
		D5B17C9F249082960032EB70 /* LaunchScreen.storyboard in Resources */ = {isa = PBXBuildFile; fileRef = D5B17C9D249082960032EB70 /* LaunchScreen.storyboard */; };
		D5B17CA72490834E0032EB70 /* SlidingButton.swift in Sources */ = {isa = PBXBuildFile; fileRef = D5B17CA62490834E0032EB70 /* SlidingButton.swift */; };
/* End PBXBuildFile section */

/* Begin PBXFileReference section */
		D5B17C8F249082910032EB70 /* PocSlidingButton.app */ = {isa = PBXFileReference; explicitFileType = wrapper.application; includeInIndex = 0; path = PocSlidingButton.app; sourceTree = BUILT_PRODUCTS_DIR; };
		D5B17C92249082910032EB70 /* AppDelegate.swift */ = {isa = PBXFileReference; lastKnownFileType = sourcecode.swift; path = AppDelegate.swift; sourceTree = "<group>"; };
		D5B17C94249082910032EB70 /* SceneDelegate.swift */ = {isa = PBXFileReference; lastKnownFileType = sourcecode.swift; path = SceneDelegate.swift; sourceTree = "<group>"; };
		D5B17C96249082910032EB70 /* ViewController.swift */ = {isa = PBXFileReference; lastKnownFileType = sourcecode.swift; path = ViewController.swift; sourceTree = "<group>"; };
		D5B17C99249082910032EB70 /* Base */ = {isa = PBXFileReference; lastKnownFileType = file.storyboard; name = Base; path = Base.lproj/Main.storyboard; sourceTree = "<group>"; };
		D5B17C9B249082960032EB70 /* Assets.xcassets */ = {isa = PBXFileReference; lastKnownFileType = folder.assetcatalog; path = Assets.xcassets; sourceTree = "<group>"; };
		D5B17C9E249082960032EB70 /* Base */ = {isa = PBXFileReference; lastKnownFileType = file.storyboard; name = Base; path = Base.lproj/LaunchScreen.storyboard; sourceTree = "<group>"; };
		D5B17CA0249082960032EB70 /* Info.plist */ = {isa = PBXFileReference; lastKnownFileType = text.plist.xml; path = Info.plist; sourceTree = "<group>"; };
		D5B17CA62490834E0032EB70 /* SlidingButton.swift */ = {isa = PBXFileReference; lastKnownFileType = sourcecode.swift; path = SlidingButton.swift; sourceTree = "<group>"; };
/* End PBXFileReference section */

/* Begin PBXFrameworksBuildPhase section */
		D5B17C8C249082910032EB70 /* Frameworks */ = {
			isa = PBXFrameworksBuildPhase;
			buildActionMask = 2147483647;
			files = (
			);
			runOnlyForDeploymentPostprocessing = 0;
		};
/* End PBXFrameworksBuildPhase section */

/* Begin PBXGroup section */
		D5B17C86249082910032EB70 = {
			isa = PBXGroup;
			children = (
				D5B17C91249082910032EB70 /* PocSlidingButton */,
				D5B17C90249082910032EB70 /* Products */,
			);
			sourceTree = "<group>";
		};
		D5B17C90249082910032EB70 /* Products */ = {
			isa = PBXGroup;
			children = (
				D5B17C8F249082910032EB70 /* PocSlidingButton.app */,
			);
			name = Products;
			sourceTree = "<group>";
		};
		D5B17C91249082910032EB70 /* PocSlidingButton */ = {
			isa = PBXGroup;
			children = (
				D5B17C92249082910032EB70 /* AppDelegate.swift */,
				D5B17C94249082910032EB70 /* SceneDelegate.swift */,
				D5B17C96249082910032EB70 /* ViewController.swift */,
				D5B17C98249082910032EB70 /* Main.storyboard */,
				D5B17C9B249082960032EB70 /* Assets.xcassets */,
				D5B17C9D249082960032EB70 /* LaunchScreen.storyboard */,
				D5B17CA0249082960032EB70 /* Info.plist */,
				D5B17CA62490834E0032EB70 /* SlidingButton.swift */,
			);
			path = PocSlidingButton;
			sourceTree = "<group>";
		};
/* End PBXGroup section */

/* Begin PBXNativeTarget section */
		D5B17C8E249082910032EB70 /* PocSlidingButton */ = {
			isa = PBXNativeTarget;
			buildConfigurationList = D5B17CA3249082960032EB70 /* Build configuration list for PBXNativeTarget "PocSlidingButton" */;
			buildPhases = (
				D5B17C8B249082910032EB70 /* Sources */,
				D5B17C8C249082910032EB70 /* Frameworks */,
				D5B17C8D249082910032EB70 /* Resources */,
			);
			buildRules = (
			);
			dependencies = (
			);
			name = PocSlidingButton;
			productName = PocSlidingButton;
			productReference = D5B17C8F249082910032EB70 /* PocSlidingButton.app */;
			productType = "com.apple.product-type.application";
		};
/* End PBXNativeTarget section */

/* Begin PBXProject section */
		D5B17C87249082910032EB70 /* Project object */ = {
			isa = PBXProject;
			attributes = {
				LastSwiftUpdateCheck = 1150;
				LastUpgradeCheck = 1150;
				ORGANIZATIONNAME = "Phatcharaphan Ananpreechakun";
				TargetAttributes = {
					D5B17C8E249082910032EB70 = {
						CreatedOnToolsVersion = 11.5;
					};
				};
			};
			buildConfigurationList = D5B17C8A249082910032EB70 /* Build configuration list for PBXProject "PocSlidingButton" */;
			compatibilityVersion = "Xcode 9.3";
			developmentRegion = en;
			hasScannedForEncodings = 0;
			knownRegions = (
				en,
				Base,
			);
			mainGroup = D5B17C86249082910032EB70;
			productRefGroup = D5B17C90249082910032EB70 /* Products */;
			projectDirPath = "";
			projectRoot = "";
			targets = (
				D5B17C8E249082910032EB70 /* PocSlidingButton */,
			);
		};
/* End PBXProject section */

/* Begin PBXResourcesBuildPhase section */
		D5B17C8D249082910032EB70 /* Resources */ = {
			isa = PBXResourcesBuildPhase;
			buildActionMask = 2147483647;
			files = (
				D5B17C9F249082960032EB70 /* LaunchScreen.storyboard in Resources */,
				D5B17C9C249082960032EB70 /* Assets.xcassets in Resources */,
				D5B17C9A249082910032EB70 /* Main.storyboard in Resources */,
			);
			runOnlyForDeploymentPostprocessing = 0;
		};
/* End PBXResourcesBuildPhase section */

/* Begin PBXSourcesBuildPhase section */
		D5B17C8B249082910032EB70 /* Sources */ = {
			isa = PBXSourcesBuildPhase;
			buildActionMask = 2147483647;
			files = (
				D5B17CA72490834E0032EB70 /* SlidingButton.swift in Sources */,
				D5B17C97249082910032EB70 /* ViewController.swift in Sources */,
				D5B17C93249082910032EB70 /* AppDelegate.swift in Sources */,
				D5B17C95249082910032EB70 /* SceneDelegate.swift in Sources */,
			);
			runOnlyForDeploymentPostprocessing = 0;
		};
/* End PBXSourcesBuildPhase section */

/* Begin PBXVariantGroup section */
		D5B17C98249082910032EB70 /* Main.storyboard */ = {
			isa = PBXVariantGroup;
			children = (
				D5B17C99249082910032EB70 /* Base */,
			);
			name = Main.storyboard;
			sourceTree = "<group>";
		};
		D5B17C9D249082960032EB70 /* LaunchScreen.storyboard */ = {
			isa = PBXVariantGroup;
			children = (
				D5B17C9E249082960032EB70 /* Base */,
			);
			name = LaunchScreen.storyboard;
			sourceTree = "<group>";
		};
/* End PBXVariantGroup section */

/* Begin XCBuildConfiguration section */
		D5B17CA1249082960032EB70 /* Debug */ = {
			isa = XCBuildConfiguration;
			buildSettings = {
				ALWAYS_SEARCH_USER_PATHS = NO;
				CLANG_ANALYZER_NONNULL = YES;
				CLANG_ANALYZER_NUMBER_OBJECT_CONVERSION = YES_AGGRESSIVE;
				CLANG_CXX_LANGUAGE_STANDARD = "gnu++14";
				CLANG_CXX_LIBRARY = "libc++";
				CLANG_ENABLE_MODULES = YES;
				CLANG_ENABLE_OBJC_ARC = YES;
				CLANG_ENABLE_OBJC_WEAK = YES;
				CLANG_WARN_BLOCK_CAPTURE_AUTORELEASING = YES;
				CLANG_WARN_BOOL_CONVERSION = YES;
				CLANG_WARN_COMMA = YES;
				CLANG_WARN_CONSTANT_CONVERSION = YES;
				CLANG_WARN_DEPRECATED_OBJC_IMPLEMENTATIONS = YES;
				CLANG_WARN_DIRECT_OBJC_ISA_USAGE = YES_ERROR;
				CLANG_WARN_DOCUMENTATION_COMMENTS = YES;
				CLANG_WARN_EMPTY_BODY = YES;
				CLANG_WARN_ENUM_CONVERSION = YES;
				CLANG_WARN_INFINITE_RECURSION = YES;
				CLANG_WARN_INT_CONVERSION = YES;
				CLANG_WARN_NON_LITERAL_NULL_CONVERSION = YES;
				CLANG_WARN_OBJC_IMPLICIT_RETAIN_SELF = YES;
				CLANG_WARN_OBJC_LITERAL_CONVERSION = YES;
				CLANG_WARN_OBJC_ROOT_CLASS = YES_ERROR;
				CLANG_WARN_RANGE_LOOP_ANALYSIS = YES;
				CLANG_WARN_STRICT_PROTOTYPES = YES;
				CLANG_WARN_SUSPICIOUS_MOVE = YES;
				CLANG_WARN_UNGUARDED_AVAILABILITY = YES_AGGRESSIVE;
				CLANG_WARN_UNREACHABLE_CODE = YES;
				CLANG_WARN__DUPLICATE_METHOD_MATCH = YES;
				COPY_PHASE_STRIP = NO;
				DEBUG_INFORMATION_FORMAT = dwarf;
				ENABLE_STRICT_OBJC_MSGSEND = YES;
				ENABLE_TESTABILITY = YES;
				GCC_C_LANGUAGE_STANDARD = gnu11;
				GCC_DYNAMIC_NO_PIC = NO;
				GCC_NO_COMMON_BLOCKS = YES;
				GCC_OPTIMIZATION_LEVEL = 0;
				GCC_PREPROCESSOR_DEFINITIONS = (
					"DEBUG=1",
					"$(inherited)",
				);
				GCC_WARN_64_TO_32_BIT_CONVERSION = YES;
				GCC_WARN_ABOUT_RETURN_TYPE = YES_ERROR;
				GCC_WARN_UNDECLARED_SELECTOR = YES;
				GCC_WARN_UNINITIALIZED_AUTOS = YES_AGGRESSIVE;
				GCC_WARN_UNUSED_FUNCTION = YES;
				GCC_WARN_UNUSED_VARIABLE = YES;
				IPHONEOS_DEPLOYMENT_TARGET = 13.5;
				MTL_ENABLE_DEBUG_INFO = INCLUDE_SOURCE;
				MTL_FAST_MATH = YES;
				ONLY_ACTIVE_ARCH = YES;
				SDKROOT = iphoneos;
				SWIFT_ACTIVE_COMPILATION_CONDITIONS = DEBUG;
				SWIFT_OPTIMIZATION_LEVEL = "-Onone";
			};
			name = Debug;
		};
		D5B17CA2249082960032EB70 /* Release */ = {
			isa = XCBuildConfiguration;
			buildSettings = {
				ALWAYS_SEARCH_USER_PATHS = NO;
				CLANG_ANALYZER_NONNULL = YES;
				CLANG_ANALYZER_NUMBER_OBJECT_CONVERSION = YES_AGGRESSIVE;
				CLANG_CXX_LANGUAGE_STANDARD = "gnu++14";
				CLANG_CXX_LIBRARY = "libc++";
				CLANG_ENABLE_MODULES = YES;
				CLANG_ENABLE_OBJC_ARC = YES;
				CLANG_ENABLE_OBJC_WEAK = YES;
				CLANG_WARN_BLOCK_CAPTURE_AUTORELEASING = YES;
				CLANG_WARN_BOOL_CONVERSION = YES;
				CLANG_WARN_COMMA = YES;
				CLANG_WARN_CONSTANT_CONVERSION = YES;
				CLANG_WARN_DEPRECATED_OBJC_IMPLEMENTATIONS = YES;
				CLANG_WARN_DIRECT_OBJC_ISA_USAGE = YES_ERROR;
				CLANG_WARN_DOCUMENTATION_COMMENTS = YES;
				CLANG_WARN_EMPTY_BODY = YES;
				CLANG_WARN_ENUM_CONVERSION = YES;
				CLANG_WARN_INFINITE_RECURSION = YES;
				CLANG_WARN_INT_CONVERSION = YES;
				CLANG_WARN_NON_LITERAL_NULL_CONVERSION = YES;
				CLANG_WARN_OBJC_IMPLICIT_RETAIN_SELF = YES;
				CLANG_WARN_OBJC_LITERAL_CONVERSION = YES;
				CLANG_WARN_OBJC_ROOT_CLASS = YES_ERROR;
				CLANG_WARN_RANGE_LOOP_ANALYSIS = YES;
				CLANG_WARN_STRICT_PROTOTYPES = YES;
				CLANG_WARN_SUSPICIOUS_MOVE = YES;
				CLANG_WARN_UNGUARDED_AVAILABILITY = YES_AGGRESSIVE;
				CLANG_WARN_UNREACHABLE_CODE = YES;
				CLANG_WARN__DUPLICATE_METHOD_MATCH = YES;
				COPY_PHASE_STRIP = NO;
				DEBUG_INFORMATION_FORMAT = "dwarf-with-dsym";
				ENABLE_NS_ASSERTIONS = NO;
				ENABLE_STRICT_OBJC_MSGSEND = YES;
				GCC_C_LANGUAGE_STANDARD = gnu11;
				GCC_NO_COMMON_BLOCKS = YES;
				GCC_WARN_64_TO_32_BIT_CONVERSION = YES;
				GCC_WARN_ABOUT_RETURN_TYPE = YES_ERROR;
				GCC_WARN_UNDECLARED_SELECTOR = YES;
				GCC_WARN_UNINITIALIZED_AUTOS = YES_AGGRESSIVE;
				GCC_WARN_UNUSED_FUNCTION = YES;
				GCC_WARN_UNUSED_VARIABLE = YES;
				IPHONEOS_DEPLOYMENT_TARGET = 13.5;
				MTL_ENABLE_DEBUG_INFO = NO;
				MTL_FAST_MATH = YES;
				SDKROOT = iphoneos;
				SWIFT_COMPILATION_MODE = wholemodule;
				SWIFT_OPTIMIZATION_LEVEL = "-O";
				VALIDATE_PRODUCT = YES;
			};
			name = Release;
		};
		D5B17CA4249082960032EB70 /* Debug */ = {
			isa = XCBuildConfiguration;
			buildSettings = {
				ASSETCATALOG_COMPILER_APPICON_NAME = AppIcon;
				CODE_SIGN_STYLE = Automatic;
				DEVELOPMENT_TEAM = 9TKF68U5R7;
				INFOPLIST_FILE = PocSlidingButton/Info.plist;
				LD_RUNPATH_SEARCH_PATHS = (
					"$(inherited)",
					"@executable_path/Frameworks",
				);
				PRODUCT_BUNDLE_IDENTIFIER = kae.PocSlidingButton;
				PRODUCT_NAME = "$(TARGET_NAME)";
				SWIFT_VERSION = 5.0;
				TARGETED_DEVICE_FAMILY = "1,2";
			};
			name = Debug;
		};
		D5B17CA5249082960032EB70 /* Release */ = {
			isa = XCBuildConfiguration;
			buildSettings = {
				ASSETCATALOG_COMPILER_APPICON_NAME = AppIcon;
				CODE_SIGN_STYLE = Automatic;
				DEVELOPMENT_TEAM = 9TKF68U5R7;
				INFOPLIST_FILE = PocSlidingButton/Info.plist;
				LD_RUNPATH_SEARCH_PATHS = (
					"$(inherited)",
					"@executable_path/Frameworks",
				);
				PRODUCT_BUNDLE_IDENTIFIER = kae.PocSlidingButton;
				PRODUCT_NAME = "$(TARGET_NAME)";
				SWIFT_VERSION = 5.0;
				TARGETED_DEVICE_FAMILY = "1,2";
			};
			name = Release;
		};
/* End XCBuildConfiguration section */

/* Begin XCConfigurationList section */
		D5B17C8A249082910032EB70 /* Build configuration list for PBXProject "PocSlidingButton" */ = {
			isa = XCConfigurationList;
			buildConfigurations = (
				D5B17CA1249082960032EB70 /* Debug */,
				D5B17CA2249082960032EB70 /* Release */,
			);
			defaultConfigurationIsVisible = 0;
			defaultConfigurationName = Release;
		};
		D5B17CA3249082960032EB70 /* Build configuration list for PBXNativeTarget "PocSlidingButton" */ = {
			isa = XCConfigurationList;
			buildConfigurations = (
				D5B17CA4249082960032EB70 /* Debug */,
				D5B17CA5249082960032EB70 /* Release */,
			);
			defaultConfigurationIsVisible = 0;
			defaultConfigurationName = Release;
		};
/* End XCConfigurationList section */
	};
	rootObject = D5B17C87249082910032EB70 /* Project object */;
}
